
Microsoft Visual Studio Solution File, Format Version 12.00
# Visual Studio Version 17
VisualStudioVersion = 17.8.34322.80
MinimumVisualStudioVersion = 10.0.40219.1
Project("{9A19103F-16F7-4668-BE54-9A1E7A4F7556}") = "LeadManagerAPI", "LeadManagerAPI\LeadManagerAPI.csproj", "{93B4A02B-1A8A-4EAB-AF65-C1B3410B3287}"
EndProject
Project("{9A19103F-16F7-4668-BE54-9A1E7A4F7556}") = "LeadManager.Repository", "LeadManager.Repository\LeadManager.Repository.csproj", "{33D3CA4D-F4B7-4DAD-88C8-DD44F7DEC88B}"
EndProject
Project("{9A19103F-16F7-4668-BE54-9A1E7A4F7556}") = "LeadManager.Domain", "LeadManager.Domain\LeadManager.Domain.csproj", "{1AC7451E-9403-4CF7-B5F1-F7397E5402E8}"
EndProject
Project("{9A19103F-16F7-4668-BE54-9A1E7A4F7556}") = "LeadManager.Service", "LeadManager.Service\LeadManager.Service.csproj", "{EF682AA1-1B04-4B4D-912B-7A0A05290790}"
EndProject
Project("{FAE04EC0-301F-11D3-BF4B-00C04F79EFBC}") = "LeadManager.CrossCuting", "LeadManager.CrossCuting\LeadManager.CrossCuting.csproj", "{FEF46BF4-76BD-44FE-B58E-7F44718C695C}"
EndProject
Global
	GlobalSection(SolutionConfigurationPlatforms) = preSolution
		Debug|Any CPU = Debug|Any CPU
		Release|Any CPU = Release|Any CPU
	EndGlobalSection
	GlobalSection(ProjectConfigurationPlatforms) = postSolution
		{93B4A02B-1A8A-4EAB-AF65-C1B3410B3287}.Debug|Any CPU.ActiveCfg = Debug|Any CPU
		{93B4A02B-1A8A-4EAB-AF65-C1B3410B3287}.Debug|Any CPU.Build.0 = Debug|Any CPU
		{93B4A02B-1A8A-4EAB-AF65-C1B3410B3287}.Release|Any CPU.ActiveCfg = Release|Any CPU
		{93B4A02B-1A8A-4EAB-AF65-C1B3410B3287}.Release|Any CPU.Build.0 = Release|Any CPU
		{33D3CA4D-F4B7-4DAD-88C8-DD44F7DEC88B}.Debug|Any CPU.ActiveCfg = Debug|Any CPU
		{33D3CA4D-F4B7-4DAD-88C8-DD44F7DEC88B}.Debug|Any CPU.Build.0 = Debug|Any CPU
		{33D3CA4D-F4B7-4DAD-88C8-DD44F7DEC88B}.Release|Any CPU.ActiveCfg = Release|Any CPU
		{33D3CA4D-F4B7-4DAD-88C8-DD44F7DEC88B}.Release|Any CPU.Build.0 = Release|Any CPU
		{1AC7451E-9403-4CF7-B5F1-F7397E5402E8}.Debug|Any CPU.ActiveCfg = Debug|Any CPU
		{1AC7451E-9403-4CF7-B5F1-F7397E5402E8}.Debug|Any CPU.Build.0 = Debug|Any CPU
		{1AC7451E-9403-4CF7-B5F1-F7397E5402E8}.Release|Any CPU.ActiveCfg = Release|Any CPU
		{1AC7451E-9403-4CF7-B5F1-F7397E5402E8}.Release|Any CPU.Build.0 = Release|Any CPU
		{EF682AA1-1B04-4B4D-912B-7A0A05290790}.Debug|Any CPU.ActiveCfg = Debug|Any CPU
		{EF682AA1-1B04-4B4D-912B-7A0A05290790}.Debug|Any CPU.Build.0 = Debug|Any CPU
		{EF682AA1-1B04-4B4D-912B-7A0A05290790}.Release|Any CPU.ActiveCfg = Release|Any CPU
		{EF682AA1-1B04-4B4D-912B-7A0A05290790}.Release|Any CPU.Build.0 = Release|Any CPU
		{FEF46BF4-76BD-44FE-B58E-7F44718C695C}.Debug|Any CPU.ActiveCfg = Debug|Any CPU
		{FEF46BF4-76BD-44FE-B58E-7F44718C695C}.Debug|Any CPU.Build.0 = Debug|Any CPU
		{FEF46BF4-76BD-44FE-B58E-7F44718C695C}.Release|Any CPU.ActiveCfg = Release|Any CPU
		{FEF46BF4-76BD-44FE-B58E-7F44718C695C}.Release|Any CPU.Build.0 = Release|Any CPU
	EndGlobalSection
	GlobalSection(SolutionProperties) = preSolution
		HideSolutionNode = FALSE
	EndGlobalSection
	GlobalSection(ExtensibilityGlobals) = postSolution
		SolutionGuid = {56455519-D690-4369-ACF0-DE5A9FD22813}
	EndGlobalSection
EndGlobal
